
Microsoft Visual Studio Solution File, Format Version 12.00
# Visual Studio Version 17
VisualStudioVersion = 17.0.31912.275
MinimumVisualStudioVersion = 15.0.26124.0
Project("{9A19103F-16F7-4668-BE54-9A1E7A4F7556}") = "QuickSlot.IaC.CDK", "Cdk\QuickSlot.IaC.CDK.csproj", "{01F4E55E-2C78-4EC7-BEA3-705C218107DD}"
EndProject
Project("{FAE04EC0-301F-11D3-BF4B-00C04F79EFBC}") = "QuickSlot.IaC.Common", "QuickSlot.IaC.Common\QuickSlot.IaC.Common.csproj", "{5921DCBA-E8B8-4AAB-A2B0-D6A2D92D3AE5}"
EndProject
Global
	GlobalSection(SolutionConfigurationPlatforms) = preSolution
		Debug|Any CPU = Debug|Any CPU
		Debug|x64 = Debug|x64
		Debug|x86 = Debug|x86
		Release|Any CPU = Release|Any CPU
		Release|x64 = Release|x64
		Release|x86 = Release|x86
	EndGlobalSection
	GlobalSection(ProjectConfigurationPlatforms) = postSolution
		{01F4E55E-2C78-4EC7-BEA3-705C218107DD}.Debug|Any CPU.ActiveCfg = Debug|Any CPU
		{01F4E55E-2C78-4EC7-BEA3-705C218107DD}.Debug|Any CPU.Build.0 = Debug|Any CPU
		{01F4E55E-2C78-4EC7-BEA3-705C218107DD}.Debug|x64.ActiveCfg = Debug|Any CPU
		{01F4E55E-2C78-4EC7-BEA3-705C218107DD}.Debug|x64.Build.0 = Debug|Any CPU
		{01F4E55E-2C78-4EC7-BEA3-705C218107DD}.Debug|x86.ActiveCfg = Debug|Any CPU
		{01F4E55E-2C78-4EC7-BEA3-705C218107DD}.Debug|x86.Build.0 = Debug|Any CPU
		{01F4E55E-2C78-4EC7-BEA3-705C218107DD}.Release|Any CPU.ActiveCfg = Release|Any CPU
		{01F4E55E-2C78-4EC7-BEA3-705C218107DD}.Release|Any CPU.Build.0 = Release|Any CPU
		{01F4E55E-2C78-4EC7-BEA3-705C218107DD}.Release|x64.ActiveCfg = Release|Any CPU
		{01F4E55E-2C78-4EC7-BEA3-705C218107DD}.Release|x64.Build.0 = Release|Any CPU
		{01F4E55E-2C78-4EC7-BEA3-705C218107DD}.Release|x86.ActiveCfg = Release|Any CPU
		{01F4E55E-2C78-4EC7-BEA3-705C218107DD}.Release|x86.Build.0 = Release|Any CPU
		{5921DCBA-E8B8-4AAB-A2B0-D6A2D92D3AE5}.Debug|Any CPU.ActiveCfg = Debug|Any CPU
		{5921DCBA-E8B8-4AAB-A2B0-D6A2D92D3AE5}.Debug|Any CPU.Build.0 = Debug|Any CPU
		{5921DCBA-E8B8-4AAB-A2B0-D6A2D92D3AE5}.Debug|x64.ActiveCfg = Debug|Any CPU
		{5921DCBA-E8B8-4AAB-A2B0-D6A2D92D3AE5}.Debug|x64.Build.0 = Debug|Any CPU
		{5921DCBA-E8B8-4AAB-A2B0-D6A2D92D3AE5}.Debug|x86.ActiveCfg = Debug|Any CPU
		{5921DCBA-E8B8-4AAB-A2B0-D6A2D92D3AE5}.Debug|x86.Build.0 = Debug|Any CPU
		{5921DCBA-E8B8-4AAB-A2B0-D6A2D92D3AE5}.Release|Any CPU.ActiveCfg = Release|Any CPU
		{5921DCBA-E8B8-4AAB-A2B0-D6A2D92D3AE5}.Release|Any CPU.Build.0 = Release|Any CPU
		{5921DCBA-E8B8-4AAB-A2B0-D6A2D92D3AE5}.Release|x64.ActiveCfg = Release|Any CPU
		{5921DCBA-E8B8-4AAB-A2B0-D6A2D92D3AE5}.Release|x64.Build.0 = Release|Any CPU
		{5921DCBA-E8B8-4AAB-A2B0-D6A2D92D3AE5}.Release|x86.ActiveCfg = Release|Any CPU
		{5921DCBA-E8B8-4AAB-A2B0-D6A2D92D3AE5}.Release|x86.Build.0 = Release|Any CPU
	EndGlobalSection
	GlobalSection(SolutionProperties) = preSolution
		HideSolutionNode = FALSE
	EndGlobalSection
	GlobalSection(ExtensibilityGlobals) = postSolution
		SolutionGuid = {5EA4C4F7-0E0F-42B6-A03A-0EB1B42F0AF4}
	EndGlobalSection
EndGlobal
